Microsoft Visual Studio Solution File, Format Version 12.00
# Visual Studio Version 17
VisualStudioVersion = 17.5.2.0
MinimumVisualStudioVersion = 10.0.40219.1
Project("{FAE04EC0-301F-11D3-BF4B-00C04F79EFBC}") = "1", "1\1.csproj", "{ABD6DD83-4C32-000D-5776-34398106A11C}"
EndProject
Project("{FAE04EC0-301F-11D3-BF4B-00C04F79EFBC}") = "10", "10\10.csproj", "{18845158-9EDF-8A28-54F7-AF5369820520}"
EndProject
Project("{FAE04EC0-301F-11D3-BF4B-00C04F79EFBC}") = "11", "11\11.csproj", "{BE5447BA-5509-1555-8BAE-DE00341AFEA8}"
EndProject
Project("{FAE04EC0-301F-11D3-BF4B-00C04F79EFBC}") = "12", "12\12.csproj", "{A7EAB2C5-4549-C8FA-FF22-E9500A5E2861}"
EndProject
Project("{FAE04EC0-301F-11D3-BF4B-00C04F79EFBC}") = "13", "13\13.csproj", "{F4F86075-704D-3EBB-1AFD-8E3B22F965AE}"
EndProject
Project("{FAE04EC0-301F-11D3-BF4B-00C04F79EFBC}") = "2", "2\2.csproj", "{EF0CCEC1-7977-BAA8-B3F3-3960A04D6B91}"
EndProject
Project("{FAE04EC0-301F-11D3-BF4B-00C04F79EFBC}") = "3", "3\3.csproj", "{7F02705B-034F-5310-0230-D99B306750EC}"
EndProject
Project("{FAE04EC0-301F-11D3-BF4B-00C04F79EFBC}") = "4", "4\4.csproj", "{447545F1-DE3F-387F-CDE9-C5252DE094C1}"
EndProject
Project("{FAE04EC0-301F-11D3-BF4B-00C04F79EFBC}") = "5", "5\5.csproj", "{95C11C3F-2E6D-2788-BB97-B8216E99CC7C}"
EndProject
Project("{FAE04EC0-301F-11D3-BF4B-00C04F79EFBC}") = "6", "6\6.csproj", "{07CCDD2A-E51C-7F18-6E31-E43E9ABB696C}"
EndProject
Project("{FAE04EC0-301F-11D3-BF4B-00C04F79EFBC}") = "7", "7\7.csproj", "{7A8FDA99-9B8F-BC0F-E53A-F4FA258EB002}"
EndProject
Project("{FAE04EC0-301F-11D3-BF4B-00C04F79EFBC}") = "8", "8\8.csproj", "{D51EA269-4502-9536-1DF2-257B9D7A104B}"
EndProject
Project("{FAE04EC0-301F-11D3-BF4B-00C04F79EFBC}") = "9", "9\9.csproj", "{13FD4F2D-BCCA-8571-6FC1-C9B81F72D6EA}"
EndProject
Global
	GlobalSection(SolutionConfigurationPlatforms) = preSolution
		Debug|Any CPU = Debug|Any CPU
		Release|Any CPU = Release|Any CPU
	EndGlobalSection
	GlobalSection(ProjectConfigurationPlatforms) = postSolution
		{ABD6DD83-4C32-000D-5776-34398106A11C}.Debug|Any CPU.ActiveCfg = Debug|Any CPU
		{ABD6DD83-4C32-000D-5776-34398106A11C}.Debug|Any CPU.Build.0 = Debug|Any CPU
		{ABD6DD83-4C32-000D-5776-34398106A11C}.Release|Any CPU.ActiveCfg = Release|Any CPU
		{ABD6DD83-4C32-000D-5776-34398106A11C}.Release|Any CPU.Build.0 = Release|Any CPU
		{18845158-9EDF-8A28-54F7-AF5369820520}.Debug|Any CPU.ActiveCfg = Debug|Any CPU
		{18845158-9EDF-8A28-54F7-AF5369820520}.Debug|Any CPU.Build.0 = Debug|Any CPU
		{18845158-9EDF-8A28-54F7-AF5369820520}.Release|Any CPU.ActiveCfg = Release|Any CPU
		{18845158-9EDF-8A28-54F7-AF5369820520}.Release|Any CPU.Build.0 = Release|Any CPU
		{BE5447BA-5509-1555-8BAE-DE00341AFEA8}.Debug|Any CPU.ActiveCfg = Debug|Any CPU
		{BE5447BA-5509-1555-8BAE-DE00341AFEA8}.Debug|Any CPU.Build.0 = Debug|Any CPU
		{BE5447BA-5509-1555-8BAE-DE00341AFEA8}.Release|Any CPU.ActiveCfg = Release|Any CPU
		{BE5447BA-5509-1555-8BAE-DE00341AFEA8}.Release|Any CPU.Build.0 = Release|Any CPU
		{A7EAB2C5-4549-C8FA-FF22-E9500A5E2861}.Debug|Any CPU.ActiveCfg = Debug|Any CPU
		{A7EAB2C5-4549-C8FA-FF22-E9500A5E2861}.Debug|Any CPU.Build.0 = Debug|Any CPU
		{A7EAB2C5-4549-C8FA-FF22-E9500A5E2861}.Release|Any CPU.ActiveCfg = Release|Any CPU
		{A7EAB2C5-4549-C8FA-FF22-E9500A5E2861}.Release|Any CPU.Build.0 = Release|Any CPU
		{F4F86075-704D-3EBB-1AFD-8E3B22F965AE}.Debug|Any CPU.ActiveCfg = Debug|Any CPU
		{F4F86075-704D-3EBB-1AFD-8E3B22F965AE}.Debug|Any CPU.Build.0 = Debug|Any CPU
		{F4F86075-704D-3EBB-1AFD-8E3B22F965AE}.Release|Any CPU.ActiveCfg = Release|Any CPU
		{F4F86075-704D-3EBB-1AFD-8E3B22F965AE}.Release|Any CPU.Build.0 = Release|Any CPU
		{EF0CCEC1-7977-BAA8-B3F3-3960A04D6B91}.Debug|Any CPU.ActiveCfg = Debug|Any CPU
		{EF0CCEC1-7977-BAA8-B3F3-3960A04D6B91}.Debug|Any CPU.Build.0 = Debug|Any CPU
		{EF0CCEC1-7977-BAA8-B3F3-3960A04D6B91}.Release|Any CPU.ActiveCfg = Release|Any CPU
		{EF0CCEC1-7977-BAA8-B3F3-3960A04D6B91}.Release|Any CPU.Build.0 = Release|Any CPU
		{7F02705B-034F-5310-0230-D99B306750EC}.Debug|Any CPU.ActiveCfg = Debug|Any CPU
		{7F02705B-034F-5310-0230-D99B306750EC}.Debug|Any CPU.Build.0 = Debug|Any CPU
		{7F02705B-034F-5310-0230-D99B306750EC}.Release|Any CPU.ActiveCfg = Release|Any CPU
		{7F02705B-034F-5310-0230-D99B306750EC}.Release|Any CPU.Build.0 = Release|Any CPU
		{447545F1-DE3F-387F-CDE9-C5252DE094C1}.Debug|Any CPU.ActiveCfg = Debug|Any CPU
		{447545F1-DE3F-387F-CDE9-C5252DE094C1}.Debug|Any CPU.Build.0 = Debug|Any CPU
		{447545F1-DE3F-387F-CDE9-C5252DE094C1}.Release|Any CPU.ActiveCfg = Release|Any CPU
		{447545F1-DE3F-387F-CDE9-C5252DE094C1}.Release|Any CPU.Build.0 = Release|Any CPU
		{95C11C3F-2E6D-2788-BB97-B8216E99CC7C}.Debug|Any CPU.ActiveCfg = Debug|Any CPU
		{95C11C3F-2E6D-2788-BB97-B8216E99CC7C}.Debug|Any CPU.Build.0 = Debug|Any CPU
		{95C11C3F-2E6D-2788-BB97-B8216E99CC7C}.Release|Any CPU.ActiveCfg = Release|Any CPU
		{95C11C3F-2E6D-2788-BB97-B8216E99CC7C}.Release|Any CPU.Build.0 = Release|Any CPU
		{07CCDD2A-E51C-7F18-6E31-E43E9ABB696C}.Debug|Any CPU.ActiveCfg = Debug|Any CPU
		{07CCDD2A-E51C-7F18-6E31-E43E9ABB696C}.Debug|Any CPU.Build.0 = Debug|Any CPU
		{07CCDD2A-E51C-7F18-6E31-E43E9ABB696C}.Release|Any CPU.ActiveCfg = Release|Any CPU
		{07CCDD2A-E51C-7F18-6E31-E43E9ABB696C}.Release|Any CPU.Build.0 = Release|Any CPU
		{7A8FDA99-9B8F-BC0F-E53A-F4FA258EB002}.Debug|Any CPU.ActiveCfg = Debug|Any CPU
		{7A8FDA99-9B8F-BC0F-E53A-F4FA258EB002}.Debug|Any CPU.Build.0 = Debug|Any CPU
		{7A8FDA99-9B8F-BC0F-E53A-F4FA258EB002}.Release|Any CPU.ActiveCfg = Release|Any CPU
		{7A8FDA99-9B8F-BC0F-E53A-F4FA258EB002}.Release|Any CPU.Build.0 = Release|Any CPU
		{D51EA269-4502-9536-1DF2-257B9D7A104B}.Debug|Any CPU.ActiveCfg = Debug|Any CPU
		{D51EA269-4502-9536-1DF2-257B9D7A104B}.Debug|Any CPU.Build.0 = Debug|Any CPU
		{D51EA269-4502-9536-1DF2-257B9D7A104B}.Release|Any CPU.ActiveCfg = Release|Any CPU
		{D51EA269-4502-9536-1DF2-257B9D7A104B}.Release|Any CPU.Build.0 = Release|Any CPU
		{13FD4F2D-BCCA-8571-6FC1-C9B81F72D6EA}.Debug|Any CPU.ActiveCfg = Debug|Any CPU
		{13FD4F2D-BCCA-8571-6FC1-C9B81F72D6EA}.Debug|Any CPU.Build.0 = Debug|Any CPU
		{13FD4F2D-BCCA-8571-6FC1-C9B81F72D6EA}.Release|Any CPU.ActiveCfg = Release|Any CPU
		{13FD4F2D-BCCA-8571-6FC1-C9B81F72D6EA}.Release|Any CPU.Build.0 = Release|Any CPU
	EndGlobalSection
	GlobalSection(SolutionProperties) = preSolution
		HideSolutionNode = FALSE
	EndGlobalSection
	GlobalSection(ExtensibilityGlobals) = postSolution
		SolutionGuid = {EA04D191-427C-4F7A-8931-B87AFFFCE168}
	EndGlobalSection
EndGlobal
